Microsoft Visual Studio Solution File, Format Version 12.00
# Visual Studio 15
VisualStudioVersion = 15.0.26430.12
MinimumVisualStudioVersion = 10.0.40219.1
Project("{FAE04EC0-301F-11D3-BF4B-00C04F79EFBC}") = "Bam.Net", "Bam.Net\Bam.Net.csproj", "{8794C09D-D72C-420C-812F-BFDA251B64C9}"
EndProject
Project("{FAE04EC0-301F-11D3-BF4B-00C04F79EFBC}") = "Bam.Net.Data", "Bam.Net.Data\Bam.Net.Data.csproj", "{3B52B739-58FD-4B49-B815-6B317E701520}"
EndProject
Project("{FAE04EC0-301F-11D3-BF4B-00C04F79EFBC}") = "Bam.Net.Data.Tests", "Bam.Net.Data.Tests\Bam.Net.Data.Tests.csproj", "{4B5D6697-BD0E-4AEF-B1B0-7563482CC033}"
EndProject
Project("{FAE04EC0-301F-11D3-BF4B-00C04F79EFBC}") = "Bam.Net.Data.Repositories", "Bam.Net.Data.Repositories\Bam.Net.Data.Repositories.csproj", "{222EF625-A115-49C7-8BDB-5879725A7D17}"
EndProject
Project("{FAE04EC0-301F-11D3-BF4B-00C04F79EFBC}") = "Bam.Net.Data.Repositories.Tests", "Bam.Net.Data.Repositories.Tests\Bam.Net.Data.Repositories.Tests.csproj", "{6E5C0894-EBA9-4B58-AC42-FA4707524D97}"
EndProject
Project("{FAE04EC0-301F-11D3-BF4B-00C04F79EFBC}") = "Bam.Net.Data.Schema", "Bam.Net.Data.Schema\Bam.Net.Data.Schema.csproj", "{D2C2B1C0-1047-4211-92FC-37F332861161}"
EndProject
Project("{FAE04EC0-301F-11D3-BF4B-00C04F79EFBC}") = "Bam.Net.Data.Model", "Bam.Net.Data.Model\Bam.Net.Data.Model.csproj", "{26216F9A-DC1A-475D-A355-568E350C3690}"
EndProject
Project("{FAE04EC0-301F-11D3-BF4B-00C04F79EFBC}") = "Bam.Net.Data.MsSql", "Bam.Net.Data.MSSql\Bam.Net.Data.MsSql.csproj", "{F373EAF9-B69C-4322-9659-A53A8FB7D43F}"
EndProject
Project("{FAE04EC0-301F-11D3-BF4B-00C04F79EFBC}") = "Bam.Net.Data.Oracle", "Bam.Net.Data.Oracle\Bam.Net.Data.Oracle.csproj", "{296D4F9E-09F3-48C1-9968-D161C9666756}"
EndProject
Project("{FAE04EC0-301F-11D3-BF4B-00C04F79EFBC}") = "Bam.Net.Data.SQLite", "Bam.Net.Data.SQLite\Bam.Net.Data.SQLite.csproj", "{AE48F655-C3EB-49D6-98D3-42C428E39A1D}"
EndProject
Project("{FAE04EC0-301F-11D3-BF4B-00C04F79EFBC}") = "Bam.Net.Incubation", "Bam.Net.Incubation\Bam.Net.Incubation.csproj", "{AA186331-A0D0-4F77-BEA2-E7B7650D3FF5}"
EndProject
Project("{FAE04EC0-301F-11D3-BF4B-00C04F79EFBC}") = "Bam.Net.CommandLine", "Bam.Net.CommandLine\Bam.Net.CommandLine.csproj", "{EA9863A9-8E0B-4497-B7FD-ABF450A3E468}"
EndProject
Project("{FAE04EC0-301F-11D3-BF4B-00C04F79EFBC}") = "Bam.Net.Testing", "Bam.Net.Testing\Bam.Net.Testing.csproj", "{85212881-C676-4B40-B311-37C2D1706042}"
EndProject
Project("{FAE04EC0-301F-11D3-BF4B-00C04F79EFBC}") = "Bam.Net.Analytics", "Bam.Net.Analytics\Bam.Net.Analytics.csproj", "{67CCA5A4-9B97-444C-9F4B-F464B2E04D6B}"
EndProject
Project("{FAE04EC0-301F-11D3-BF4B-00C04F79EFBC}") = "Bam.Net.Yaml", "Bam.Net.Yaml\Bam.Net.Yaml.csproj", "{1C5258EC-7579-4032-94EC-B016BDC1B876}"
EndProject
Project("{FAE04EC0-301F-11D3-BF4B-00C04F79EFBC}") = "DaoRef", "DaoRef\DaoRef.csproj", "{88B5D719-69ED-45D8-9F04-C33D3FC5DCBE}"
EndProject
Project("{FAE04EC0-301F-11D3-BF4B-00C04F79EFBC}") = "Bam.Net.Data.MySql", "Bam.Net.Data.MySql\Bam.Net.Data.MySql.csproj", "{AEAAA461-99DE-4DAF-9E3D-0301582784E7}"
EndProject
Project("{2150E333-8FDC-42A3-9474-1A3956D46DE8}") = "Tests", "Tests", "{A5202BA5-2C12-4091-9FA9-82D490E1EE84}"
EndProject
Project("{FAE04EC0-301F-11D3-BF4B-00C04F79EFBC}") = "Bam.Net.ServiceProxy", "Bam.Net.ServiceProxy\Bam.Net.ServiceProxy.csproj", "{8987D8C8-033B-4993-99F0-8DD5A4D6DD0D}"
EndProject
Project("{FAE04EC0-301F-11D3-BF4B-00C04F79EFBC}") = "Bam.Net.Encryption", "Bam.Net.Encryption\Bam.Net.Encryption.csproj", "{F27DC9A6-E432-4D20-BCEF-D10B0C2A657D}"
EndProject
Project("{FAE04EC0-301F-11D3-BF4B-00C04F79EFBC}") = "Bam.Net.Data.Tests.Integration", "Bam.Net.Data.Tests.Integration\Bam.Net.Data.Tests.Integration.csproj", "{E0D32890-13D7-4827-A299-56726C6CD67C}"
EndProject
Project("{FAE04EC0-301F-11D3-BF4B-00C04F79EFBC}") = "Bam.Net.Data.Npgsql", "Bam.Net.Data.Npgsql\Bam.Net.Data.Npgsql.csproj", "{49E255C4-C8EB-4EC9-BAEA-50FF7A9D16DB}"
EndProject
Project("{FAE04EC0-301F-11D3-BF4B-00C04F79EFBC}") = "Bam.Net.Caching", "Bam.Net.Caching\Bam.Net.Caching.csproj", "{06BAE7AD-8657-4415-BBC0-DAD16BB29361}"
EndProject
Project("{FAE04EC0-301F-11D3-BF4B-00C04F79EFBC}") = "Bam.Net.Data.Dynamic", "Bam.Net.Data.Dynamic\Bam.Net.Data.Dynamic.csproj", "{CA7F3115-848C-49AC-A0C3-F156AFB6C844}"
EndProject
Project("{FAE04EC0-301F-11D3-BF4B-00C04F79EFBC}") = "Bam.Net.Schema.Org", "Bam.Net.Schema.Org\Bam.Net.Schema.Org.csproj", "{8D98E22B-3C6D-47C0-B028-0C3E3FC6B4FD}"
EndProject
Project("{FAE04EC0-301F-11D3-BF4B-00C04F79EFBC}") = "Bam.Net.Javascript", "Bam.Net.Javascript\Bam.Net.Javascript.csproj", "{34C5016D-5265-4394-A9BA-CB2F70D8E93B}"
EndProject
Project("{FAE04EC0-301F-11D3-BF4B-00C04F79EFBC}") = "Bam.Net.Data.OleDb", "Bam.Net.Data.OleDb\Bam.Net.Data.OleDb.csproj", "{A4699D0A-D312-416D-93F0-C487A24737A1}"
EndProject
Project("{FAE04EC0-301F-11D3-BF4B-00C04F79EFBC}") = "Bam.Net.UserAccounts", "Bam.Net.UserAccounts\Bam.Net.UserAccounts.csproj", "{74D5A262-B0B9-40E6-A3FD-B120DC8E9F54}"
EndProject
Project("{FAE04EC0-301F-11D3-BF4B-00C04F79EFBC}") = "Bam.Net.Messaging", "Bam.Net.Messaging\Bam.Net.Messaging.csproj", "{E330D601-62EA-439E-ACD7-7236744562FF}"
EndProject
Project("{FAE04EC0-301F-11D3-BF4B-00C04F79EFBC}") = "Bam.Net.Presentation", "Bam.Net.Presentation\Bam.Net.Presentation.csproj", "{B9E03FF5-0750-4162-BAFD-3F0778D44A8C}"
EndProject
Project("{FAE04EC0-301F-11D3-BF4B-00C04F79EFBC}") = "Bam.Net.Documentation", "Bam.Net.Documentation\Bam.Net.Documentation.csproj", "{8FEBE7EA-4F1F-44E2-A694-52B9A33C2414}"
EndProject
Global
	GlobalSection(SolutionConfigurationPlatforms) = preSolution
		Debug|Any CPU = Debug|Any CPU
		Debug|x64 = Debug|x64
		Debug|x86 = Debug|x86
		Release|Any CPU = Release|Any CPU
		Release|x64 = Release|x64
		Release|x86 = Release|x86
	EndGlobalSection
	GlobalSection(ProjectConfigurationPlatforms) = postSolution
		{8794C09D-D72C-420C-812F-BFDA251B64C9}.Debug|Any CPU.ActiveCfg = Debug|Any CPU
		{8794C09D-D72C-420C-812F-BFDA251B64C9}.Debug|Any CPU.Build.0 = Debug|Any CPU
		{8794C09D-D72C-420C-812F-BFDA251B64C9}.Debug|x64.ActiveCfg = Debug|x64
		{8794C09D-D72C-420C-812F-BFDA251B64C9}.Debug|x64.Build.0 = Debug|x64
		{8794C09D-D72C-420C-812F-BFDA251B64C9}.Debug|x86.ActiveCfg = Debug|x86
		{8794C09D-D72C-420C-812F-BFDA251B64C9}.Debug|x86.Build.0 = Debug|x86
		{8794C09D-D72C-420C-812F-BFDA251B64C9}.Release|Any CPU.ActiveCfg = Release|Any CPU
		{8794C09D-D72C-420C-812F-BFDA251B64C9}.Release|Any CPU.Build.0 = Release|Any CPU
		{8794C09D-D72C-420C-812F-BFDA251B64C9}.Release|x64.ActiveCfg = Release|x64
		{8794C09D-D72C-420C-812F-BFDA251B64C9}.Release|x64.Build.0 = Release|x64
		{8794C09D-D72C-420C-812F-BFDA251B64C9}.Release|x86.ActiveCfg = Release|x86
		{8794C09D-D72C-420C-812F-BFDA251B64C9}.Release|x86.Build.0 = Release|x86
		{3B52B739-58FD-4B49-B815-6B317E701520}.Debug|Any CPU.ActiveCfg = Debug|Any CPU
		{3B52B739-58FD-4B49-B815-6B317E701520}.Debug|Any CPU.Build.0 = Debug|Any CPU
		{3B52B739-58FD-4B49-B815-6B317E701520}.Debug|x64.ActiveCfg = Debug|x64
		{3B52B739-58FD-4B49-B815-6B317E701520}.Debug|x64.Build.0 = Debug|x64
		{3B52B739-58FD-4B49-B815-6B317E701520}.Debug|x86.ActiveCfg = Debug|Any CPU
		{3B52B739-58FD-4B49-B815-6B317E701520}.Release|Any CPU.ActiveCfg = Release|Any CPU
		{3B52B739-58FD-4B49-B815-6B317E701520}.Release|Any CPU.Build.0 = Release|Any CPU
		{3B52B739-58FD-4B49-B815-6B317E701520}.Release|x64.ActiveCfg = Release|x64
		{3B52B739-58FD-4B49-B815-6B317E701520}.Release|x64.Build.0 = Release|x64
		{3B52B739-58FD-4B49-B815-6B317E701520}.Release|x86.ActiveCfg = Release|Any CPU
		{4B5D6697-BD0E-4AEF-B1B0-7563482CC033}.Debug|Any CPU.ActiveCfg = Debug|Any CPU
		{4B5D6697-BD0E-4AEF-B1B0-7563482CC033}.Debug|Any CPU.Build.0 = Debug|Any CPU
		{4B5D6697-BD0E-4AEF-B1B0-7563482CC033}.Debug|x64.ActiveCfg = Debug|x64
		{4B5D6697-BD0E-4AEF-B1B0-7563482CC033}.Debug|x64.Build.0 = Debug|x64
		{4B5D6697-BD0E-4AEF-B1B0-7563482CC033}.Debug|x86.ActiveCfg = Debug|x86
		{4B5D6697-BD0E-4AEF-B1B0-7563482CC033}.Debug|x86.Build.0 = Debug|x86
		{4B5D6697-BD0E-4AEF-B1B0-7563482CC033}.Release|Any CPU.ActiveCfg = Release|Any CPU
		{4B5D6697-BD0E-4AEF-B1B0-7563482CC033}.Release|Any CPU.Build.0 = Release|Any CPU
		{4B5D6697-BD0E-4AEF-B1B0-7563482CC033}.Release|x64.ActiveCfg = Release|x64
		{4B5D6697-BD0E-4AEF-B1B0-7563482CC033}.Release|x64.Build.0 = Release|x64
		{4B5D6697-BD0E-4AEF-B1B0-7563482CC033}.Release|x86.ActiveCfg = Release|x86
		{4B5D6697-BD0E-4AEF-B1B0-7563482CC033}.Release|x86.Build.0 = Release|x86
		{222EF625-A115-49C7-8BDB-5879725A7D17}.Debug|Any CPU.ActiveCfg = Debug|Any CPU
		{222EF625-A115-49C7-8BDB-5879725A7D17}.Debug|Any CPU.Build.0 = Debug|Any CPU
		{222EF625-A115-49C7-8BDB-5879725A7D17}.Debug|x64.ActiveCfg = Debug|x64
		{222EF625-A115-49C7-8BDB-5879725A7D17}.Debug|x64.Build.0 = Debug|x64
		{222EF625-A115-49C7-8BDB-5879725A7D17}.Debug|x86.ActiveCfg = Debug|Any CPU
		{222EF625-A115-49C7-8BDB-5879725A7D17}.Release|Any CPU.ActiveCfg = Release|Any CPU
		{222EF625-A115-49C7-8BDB-5879725A7D17}.Release|Any CPU.Build.0 = Release|Any CPU
		{222EF625-A115-49C7-8BDB-5879725A7D17}.Release|x64.ActiveCfg = Release|x64
		{222EF625-A115-49C7-8BDB-5879725A7D17}.Release|x64.Build.0 = Release|x64
		{222EF625-A115-49C7-8BDB-5879725A7D17}.Release|x86.ActiveCfg = Release|Any CPU
		{6E5C0894-EBA9-4B58-AC42-FA4707524D97}.Debug|Any CPU.ActiveCfg = Debug|Any CPU
		{6E5C0894-EBA9-4B58-AC42-FA4707524D97}.Debug|Any CPU.Build.0 = Debug|Any CPU
		{6E5C0894-EBA9-4B58-AC42-FA4707524D97}.Debug|x64.ActiveCfg = Debug|x64
		{6E5C0894-EBA9-4B58-AC42-FA4707524D97}.Debug|x64.Build.0 = Debug|x64
		{6E5C0894-EBA9-4B58-AC42-FA4707524D97}.Debug|x86.ActiveCfg = Debug|x86
		{6E5C0894-EBA9-4B58-AC42-FA4707524D97}.Debug|x86.Build.0 = Debug|x86
		{6E5C0894-EBA9-4B58-AC42-FA4707524D97}.Release|Any CPU.ActiveCfg = Release|Any CPU
		{6E5C0894-EBA9-4B58-AC42-FA4707524D97}.Release|Any CPU.Build.0 = Release|Any CPU
		{6E5C0894-EBA9-4B58-AC42-FA4707524D97}.Release|x64.ActiveCfg = Release|x64
		{6E5C0894-EBA9-4B58-AC42-FA4707524D97}.Release|x64.Build.0 = Release|x64
		{6E5C0894-EBA9-4B58-AC42-FA4707524D97}.Release|x86.ActiveCfg = Release|x86
		{6E5C0894-EBA9-4B58-AC42-FA4707524D97}.Release|x86.Build.0 = Release|x86
		{D2C2B1C0-1047-4211-92FC-37F332861161}.Debug|Any CPU.ActiveCfg = Debug|Any CPU
		{D2C2B1C0-1047-4211-92FC-37F332861161}.Debug|Any CPU.Build.0 = Debug|Any CPU
		{D2C2B1C0-1047-4211-92FC-37F332861161}.Debug|x64.ActiveCfg = Debug|x64
		{D2C2B1C0-1047-4211-92FC-37F332861161}.Debug|x64.Build.0 = Debug|x64
		{D2C2B1C0-1047-4211-92FC-37F332861161}.Debug|x86.ActiveCfg = Debug|Any CPU
		{D2C2B1C0-1047-4211-92FC-37F332861161}.Release|Any CPU.ActiveCfg = Release|Any CPU
		{D2C2B1C0-1047-4211-92FC-37F332861161}.Release|Any CPU.Build.0 = Release|Any CPU
		{D2C2B1C0-1047-4211-92FC-37F332861161}.Release|x64.ActiveCfg = Release|x64
		{D2C2B1C0-1047-4211-92FC-37F332861161}.Release|x64.Build.0 = Release|x64
		{D2C2B1C0-1047-4211-92FC-37F332861161}.Release|x86.ActiveCfg = Release|Any CPU
		{26216F9A-DC1A-475D-A355-568E350C3690}.Debug|Any CPU.ActiveCfg = Debug|Any CPU
		{26216F9A-DC1A-475D-A355-568E350C3690}.Debug|Any CPU.Build.0 = Debug|Any CPU
		{26216F9A-DC1A-475D-A355-568E350C3690}.Debug|x64.ActiveCfg = Debug|x64
		{26216F9A-DC1A-475D-A355-568E350C3690}.Debug|x64.Build.0 = Debug|x64
		{26216F9A-DC1A-475D-A355-568E350C3690}.Debug|x86.ActiveCfg = Debug|Any CPU
		{26216F9A-DC1A-475D-A355-568E350C3690}.Release|Any CPU.ActiveCfg = Release|Any CPU
		{26216F9A-DC1A-475D-A355-568E350C3690}.Release|Any CPU.Build.0 = Release|Any CPU
		{26216F9A-DC1A-475D-A355-568E350C3690}.Release|x64.ActiveCfg = Release|x64
		{26216F9A-DC1A-475D-A355-568E350C3690}.Release|x64.Build.0 = Release|x64
		{26216F9A-DC1A-475D-A355-568E350C3690}.Release|x86.ActiveCfg = Release|Any CPU
		{F373EAF9-B69C-4322-9659-A53A8FB7D43F}.Debug|Any CPU.ActiveCfg = Debug|Any CPU
		{F373EAF9-B69C-4322-9659-A53A8FB7D43F}.Debug|Any CPU.Build.0 = Debug|Any CPU
		{F373EAF9-B69C-4322-9659-A53A8FB7D43F}.Debug|x64.ActiveCfg = Debug|x64
		{F373EAF9-B69C-4322-9659-A53A8FB7D43F}.Debug|x64.Build.0 = Debug|x64
		{F373EAF9-B69C-4322-9659-A53A8FB7D43F}.Debug|x86.ActiveCfg = Debug|Any CPU
		{F373EAF9-B69C-4322-9659-A53A8FB7D43F}.Release|Any CPU.ActiveCfg = Release|Any CPU
		{F373EAF9-B69C-4322-9659-A53A8FB7D43F}.Release|Any CPU.Build.0 = Release|Any CPU
		{F373EAF9-B69C-4322-9659-A53A8FB7D43F}.Release|x64.ActiveCfg = Release|x64
		{F373EAF9-B69C-4322-9659-A53A8FB7D43F}.Release|x64.Build.0 = Release|x64
		{F373EAF9-B69C-4322-9659-A53A8FB7D43F}.Release|x86.ActiveCfg = Release|Any CPU
		{296D4F9E-09F3-48C1-9968-D161C9666756}.Debug|Any CPU.ActiveCfg = Debug|Any CPU
		{296D4F9E-09F3-48C1-9968-D161C9666756}.Debug|Any CPU.Build.0 = Debug|Any CPU
		{296D4F9E-09F3-48C1-9968-D161C9666756}.Debug|x64.ActiveCfg = Debug|x64
		{296D4F9E-09F3-48C1-9968-D161C9666756}.Debug|x64.Build.0 = Debug|x64
		{296D4F9E-09F3-48C1-9968-D161C9666756}.Debug|x86.ActiveCfg = Debug|Any CPU
		{296D4F9E-09F3-48C1-9968-D161C9666756}.Release|Any CPU.ActiveCfg = Release|Any CPU
		{296D4F9E-09F3-48C1-9968-D161C9666756}.Release|Any CPU.Build.0 = Release|Any CPU
		{296D4F9E-09F3-48C1-9968-D161C9666756}.Release|x64.ActiveCfg = Release|x64
		{296D4F9E-09F3-48C1-9968-D161C9666756}.Release|x64.Build.0 = Release|x64
		{296D4F9E-09F3-48C1-9968-D161C9666756}.Release|x86.ActiveCfg = Release|Any CPU
		{AE48F655-C3EB-49D6-98D3-42C428E39A1D}.Debug|Any CPU.ActiveCfg = Debug|Any CPU
		{AE48F655-C3EB-49D6-98D3-42C428E39A1D}.Debug|Any CPU.Build.0 = Debug|Any CPU
		{AE48F655-C3EB-49D6-98D3-42C428E39A1D}.Debug|x64.ActiveCfg = Debug|x64
		{AE48F655-C3EB-49D6-98D3-42C428E39A1D}.Debug|x64.Build.0 = Debug|x64
		{AE48F655-C3EB-49D6-98D3-42C428E39A1D}.Debug|x86.ActiveCfg = Debug|Any CPU
		{AE48F655-C3EB-49D6-98D3-42C428E39A1D}.Release|Any CPU.ActiveCfg = Release|Any CPU
		{AE48F655-C3EB-49D6-98D3-42C428E39A1D}.Release|Any CPU.Build.0 = Release|Any CPU
		{AE48F655-C3EB-49D6-98D3-42C428E39A1D}.Release|x64.ActiveCfg = Release|x64
		{AE48F655-C3EB-49D6-98D3-42C428E39A1D}.Release|x64.Build.0 = Release|x64
		{AE48F655-C3EB-49D6-98D3-42C428E39A1D}.Release|x86.ActiveCfg = Release|Any CPU
		{AA186331-A0D0-4F77-BEA2-E7B7650D3FF5}.Debug|Any CPU.ActiveCfg = Debug|Any CPU
		{AA186331-A0D0-4F77-BEA2-E7B7650D3FF5}.Debug|Any CPU.Build.0 = Debug|Any CPU
		{AA186331-A0D0-4F77-BEA2-E7B7650D3FF5}.Debug|x64.ActiveCfg = Debug|x64
		{AA186331-A0D0-4F77-BEA2-E7B7650D3FF5}.Debug|x64.Build.0 = Debug|x64
		{AA186331-A0D0-4F77-BEA2-E7B7650D3FF5}.Debug|x86.ActiveCfg = Debug|Any CPU
		{AA186331-A0D0-4F77-BEA2-E7B7650D3FF5}.Release|Any CPU.ActiveCfg = Release|Any CPU
		{AA186331-A0D0-4F77-BEA2-E7B7650D3FF5}.Release|Any CPU.Build.0 = Release|Any CPU
		{AA186331-A0D0-4F77-BEA2-E7B7650D3FF5}.Release|x64.ActiveCfg = Release|x64
		{AA186331-A0D0-4F77-BEA2-E7B7650D3FF5}.Release|x64.Build.0 = Release|x64
		{AA186331-A0D0-4F77-BEA2-E7B7650D3FF5}.Release|x86.ActiveCfg = Release|Any CPU
		{EA9863A9-8E0B-4497-B7FD-ABF450A3E468}.Debug|Any CPU.ActiveCfg = Debug|Any CPU
		{EA9863A9-8E0B-4497-B7FD-ABF450A3E468}.Debug|Any CPU.Build.0 = Debug|Any CPU
		{EA9863A9-8E0B-4497-B7FD-ABF450A3E468}.Debug|x64.ActiveCfg = Debug|x64
		{EA9863A9-8E0B-4497-B7FD-ABF450A3E468}.Debug|x64.Build.0 = Debug|x64
		{EA9863A9-8E0B-4497-B7FD-ABF450A3E468}.Debug|x86.ActiveCfg = Debug|x86
		{EA9863A9-8E0B-4497-B7FD-ABF450A3E468}.Debug|x86.Build.0 = Debug|x86
		{EA9863A9-8E0B-4497-B7FD-ABF450A3E468}.Release|Any CPU.ActiveCfg = Release|Any CPU
		{EA9863A9-8E0B-4497-B7FD-ABF450A3E468}.Release|Any CPU.Build.0 = Release|Any CPU
		{EA9863A9-8E0B-4497-B7FD-ABF450A3E468}.Release|x64.ActiveCfg = Release|x64
		{EA9863A9-8E0B-4497-B7FD-ABF450A3E468}.Release|x64.Build.0 = Release|x64
		{EA9863A9-8E0B-4497-B7FD-ABF450A3E468}.Release|x86.ActiveCfg = Release|x86
		{EA9863A9-8E0B-4497-B7FD-ABF450A3E468}.Release|x86.Build.0 = Release|x86
		{85212881-C676-4B40-B311-37C2D1706042}.Debug|Any CPU.ActiveCfg = Debug|Any CPU
		{85212881-C676-4B40-B311-37C2D1706042}.Debug|Any CPU.Build.0 = Debug|Any CPU
		{85212881-C676-4B40-B311-37C2D1706042}.Debug|x64.ActiveCfg = Debug|x64
		{85212881-C676-4B40-B311-37C2D1706042}.Debug|x64.Build.0 = Debug|x64
		{85212881-C676-4B40-B311-37C2D1706042}.Debug|x86.ActiveCfg = Debug|Any CPU
		{85212881-C676-4B40-B311-37C2D1706042}.Release|Any CPU.ActiveCfg = Release|Any CPU
		{85212881-C676-4B40-B311-37C2D1706042}.Release|Any CPU.Build.0 = Release|Any CPU
		{85212881-C676-4B40-B311-37C2D1706042}.Release|x64.ActiveCfg = Release|x64
		{85212881-C676-4B40-B311-37C2D1706042}.Release|x64.Build.0 = Release|x64
		{85212881-C676-4B40-B311-37C2D1706042}.Release|x86.ActiveCfg = Release|Any CPU
		{67CCA5A4-9B97-444C-9F4B-F464B2E04D6B}.Debug|Any CPU.ActiveCfg = Debug|Any CPU
		{67CCA5A4-9B97-444C-9F4B-F464B2E04D6B}.Debug|Any CPU.Build.0 = Debug|Any CPU
		{67CCA5A4-9B97-444C-9F4B-F464B2E04D6B}.Debug|x64.ActiveCfg = Debug|x64
		{67CCA5A4-9B97-444C-9F4B-F464B2E04D6B}.Debug|x64.Build.0 = Debug|x64
		{67CCA5A4-9B97-444C-9F4B-F464B2E04D6B}.Debug|x86.ActiveCfg = Debug|Any CPU
		{67CCA5A4-9B97-444C-9F4B-F464B2E04D6B}.Release|Any CPU.ActiveCfg = Release|Any CPU
		{67CCA5A4-9B97-444C-9F4B-F464B2E04D6B}.Release|Any CPU.Build.0 = Release|Any CPU
		{67CCA5A4-9B97-444C-9F4B-F464B2E04D6B}.Release|x64.ActiveCfg = Release|x64
		{67CCA5A4-9B97-444C-9F4B-F464B2E04D6B}.Release|x64.Build.0 = Release|x64
		{67CCA5A4-9B97-444C-9F4B-F464B2E04D6B}.Release|x86.ActiveCfg = Release|Any CPU
		{1C5258EC-7579-4032-94EC-B016BDC1B876}.Debug|Any CPU.ActiveCfg = Debug|Any CPU
		{1C5258EC-7579-4032-94EC-B016BDC1B876}.Debug|Any CPU.Build.0 = Debug|Any CPU
		{1C5258EC-7579-4032-94EC-B016BDC1B876}.Debug|x64.ActiveCfg = Debug|x64
		{1C5258EC-7579-4032-94EC-B016BDC1B876}.Debug|x64.Build.0 = Debug|x64
		{1C5258EC-7579-4032-94EC-B016BDC1B876}.Debug|x86.ActiveCfg = Debug|Any CPU
		{1C5258EC-7579-4032-94EC-B016BDC1B876}.Release|Any CPU.ActiveCfg = Release|Any CPU
		{1C5258EC-7579-4032-94EC-B016BDC1B876}.Release|Any CPU.Build.0 = Release|Any CPU
		{1C5258EC-7579-4032-94EC-B016BDC1B876}.Release|x64.ActiveCfg = Release|x64
		{1C5258EC-7579-4032-94EC-B016BDC1B876}.Release|x64.Build.0 = Release|x64
		{1C5258EC-7579-4032-94EC-B016BDC1B876}.Release|x86.ActiveCfg = Release|Any CPU
		{88B5D719-69ED-45D8-9F04-C33D3FC5DCBE}.Debug|Any CPU.ActiveCfg = Debug|Any CPU
		{88B5D719-69ED-45D8-9F04-C33D3FC5DCBE}.Debug|Any CPU.Build.0 = Debug|Any CPU
		{88B5D719-69ED-45D8-9F04-C33D3FC5DCBE}.Debug|x64.ActiveCfg = Debug|x64
		{88B5D719-69ED-45D8-9F04-C33D3FC5DCBE}.Debug|x64.Build.0 = Debug|x64
		{88B5D719-69ED-45D8-9F04-C33D3FC5DCBE}.Debug|x86.ActiveCfg = Debug|Any CPU
		{88B5D719-69ED-45D8-9F04-C33D3FC5DCBE}.Release|Any CPU.ActiveCfg = Release|Any CPU
		{88B5D719-69ED-45D8-9F04-C33D3FC5DCBE}.Release|Any CPU.Build.0 = Release|Any CPU
		{88B5D719-69ED-45D8-9F04-C33D3FC5DCBE}.Release|x64.ActiveCfg = Release|x64
		{88B5D719-69ED-45D8-9F04-C33D3FC5DCBE}.Release|x64.Build.0 = Release|x64
		{88B5D719-69ED-45D8-9F04-C33D3FC5DCBE}.Release|x86.ActiveCfg = Release|Any CPU
		{AEAAA461-99DE-4DAF-9E3D-0301582784E7}.Debug|Any CPU.ActiveCfg = Debug|Any CPU
		{AEAAA461-99DE-4DAF-9E3D-0301582784E7}.Debug|Any CPU.Build.0 = Debug|Any CPU
		{AEAAA461-99DE-4DAF-9E3D-0301582784E7}.Debug|x64.ActiveCfg = Debug|x64
		{AEAAA461-99DE-4DAF-9E3D-0301582784E7}.Debug|x64.Build.0 = Debug|x64
		{AEAAA461-99DE-4DAF-9E3D-0301582784E7}.Debug|x86.ActiveCfg = Debug|Any CPU
		{AEAAA461-99DE-4DAF-9E3D-0301582784E7}.Release|Any CPU.ActiveCfg = Release|Any CPU
		{AEAAA461-99DE-4DAF-9E3D-0301582784E7}.Release|Any CPU.Build.0 = Release|Any CPU
		{AEAAA461-99DE-4DAF-9E3D-0301582784E7}.Release|x64.ActiveCfg = Release|x64
		{AEAAA461-99DE-4DAF-9E3D-0301582784E7}.Release|x64.Build.0 = Release|x64
		{AEAAA461-99DE-4DAF-9E3D-0301582784E7}.Release|x86.ActiveCfg = Release|Any CPU
		{8987D8C8-033B-4993-99F0-8DD5A4D6DD0D}.Debug|Any CPU.ActiveCfg = Debug|Any CPU
		{8987D8C8-033B-4993-99F0-8DD5A4D6DD0D}.Debug|Any CPU.Build.0 = Debug|Any CPU
		{8987D8C8-033B-4993-99F0-8DD5A4D6DD0D}.Debug|x64.ActiveCfg = Debug|x64
		{8987D8C8-033B-4993-99F0-8DD5A4D6DD0D}.Debug|x64.Build.0 = Debug|x64
		{8987D8C8-033B-4993-99F0-8DD5A4D6DD0D}.Debug|x86.ActiveCfg = Debug|Any CPU
		{8987D8C8-033B-4993-99F0-8DD5A4D6DD0D}.Release|Any CPU.ActiveCfg = Release|Any CPU
		{8987D8C8-033B-4993-99F0-8DD5A4D6DD0D}.Release|Any CPU.Build.0 = Release|Any CPU
		{8987D8C8-033B-4993-99F0-8DD5A4D6DD0D}.Release|x64.ActiveCfg = Release|x64
		{8987D8C8-033B-4993-99F0-8DD5A4D6DD0D}.Release|x64.Build.0 = Release|x64
		{8987D8C8-033B-4993-99F0-8DD5A4D6DD0D}.Release|x86.ActiveCfg = Release|Any CPU
		{F27DC9A6-E432-4D20-BCEF-D10B0C2A657D}.Debug|Any CPU.ActiveCfg = Debug|Any CPU
		{F27DC9A6-E432-4D20-BCEF-D10B0C2A657D}.Debug|Any CPU.Build.0 = Debug|Any CPU
		{F27DC9A6-E432-4D20-BCEF-D10B0C2A657D}.Debug|x64.ActiveCfg = Debug|x64
		{F27DC9A6-E432-4D20-BCEF-D10B0C2A657D}.Debug|x64.Build.0 = Debug|x64
		{F27DC9A6-E432-4D20-BCEF-D10B0C2A657D}.Debug|x86.ActiveCfg = Debug|Any CPU
		{F27DC9A6-E432-4D20-BCEF-D10B0C2A657D}.Release|Any CPU.ActiveCfg = Release|Any CPU
		{F27DC9A6-E432-4D20-BCEF-D10B0C2A657D}.Release|Any CPU.Build.0 = Release|Any CPU
		{F27DC9A6-E432-4D20-BCEF-D10B0C2A657D}.Release|x64.ActiveCfg = Release|x64
		{F27DC9A6-E432-4D20-BCEF-D10B0C2A657D}.Release|x64.Build.0 = Release|x64
		{F27DC9A6-E432-4D20-BCEF-D10B0C2A657D}.Release|x86.ActiveCfg = Release|Any CPU
		{E0D32890-13D7-4827-A299-56726C6CD67C}.Debug|Any CPU.ActiveCfg = Debug|Any CPU
		{E0D32890-13D7-4827-A299-56726C6CD67C}.Debug|Any CPU.Build.0 = Debug|Any CPU
		{E0D32890-13D7-4827-A299-56726C6CD67C}.Debug|x64.ActiveCfg = Debug|x64
		{E0D32890-13D7-4827-A299-56726C6CD67C}.Debug|x64.Build.0 = Debug|x64
		{E0D32890-13D7-4827-A299-56726C6CD67C}.Debug|x86.ActiveCfg = Debug|Any CPU
		{E0D32890-13D7-4827-A299-56726C6CD67C}.Debug|x86.Build.0 = Debug|Any CPU
		{E0D32890-13D7-4827-A299-56726C6CD67C}.Release|Any CPU.ActiveCfg = Release|Any CPU
		{E0D32890-13D7-4827-A299-56726C6CD67C}.Release|Any CPU.Build.0 = Release|Any CPU
		{E0D32890-13D7-4827-A299-56726C6CD67C}.Release|x64.ActiveCfg = Release|x64
		{E0D32890-13D7-4827-A299-56726C6CD67C}.Release|x64.Build.0 = Release|x64
		{E0D32890-13D7-4827-A299-56726C6CD67C}.Release|x86.ActiveCfg = Release|Any CPU
		{E0D32890-13D7-4827-A299-56726C6CD67C}.Release|x86.Build.0 = Release|Any CPU
		{49E255C4-C8EB-4EC9-BAEA-50FF7A9D16DB}.Debug|Any CPU.ActiveCfg = Debug|Any CPU
		{49E255C4-C8EB-4EC9-BAEA-50FF7A9D16DB}.Debug|Any CPU.Build.0 = Debug|Any CPU
		{49E255C4-C8EB-4EC9-BAEA-50FF7A9D16DB}.Debug|x64.ActiveCfg = Debug|x64
		{49E255C4-C8EB-4EC9-BAEA-50FF7A9D16DB}.Debug|x64.Build.0 = Debug|x64
		{49E255C4-C8EB-4EC9-BAEA-50FF7A9D16DB}.Debug|x86.ActiveCfg = Debug|Any CPU
		{49E255C4-C8EB-4EC9-BAEA-50FF7A9D16DB}.Debug|x86.Build.0 = Debug|Any CPU
		{49E255C4-C8EB-4EC9-BAEA-50FF7A9D16DB}.Release|Any CPU.ActiveCfg = Release|Any CPU
		{49E255C4-C8EB-4EC9-BAEA-50FF7A9D16DB}.Release|Any CPU.Build.0 = Release|Any CPU
		{49E255C4-C8EB-4EC9-BAEA-50FF7A9D16DB}.Release|x64.ActiveCfg = Release|x64
		{49E255C4-C8EB-4EC9-BAEA-50FF7A9D16DB}.Release|x64.Build.0 = Release|x64
		{49E255C4-C8EB-4EC9-BAEA-50FF7A9D16DB}.Release|x86.ActiveCfg = Release|Any CPU
		{49E255C4-C8EB-4EC9-BAEA-50FF7A9D16DB}.Release|x86.Build.0 = Release|Any CPU
		{06BAE7AD-8657-4415-BBC0-DAD16BB29361}.Debug|Any CPU.ActiveCfg = Debug|Any CPU
		{06BAE7AD-8657-4415-BBC0-DAD16BB29361}.Debug|Any CPU.Build.0 = Debug|Any CPU
		{06BAE7AD-8657-4415-BBC0-DAD16BB29361}.Debug|x64.ActiveCfg = Debug|x64
		{06BAE7AD-8657-4415-BBC0-DAD16BB29361}.Debug|x64.Build.0 = Debug|x64
		{06BAE7AD-8657-4415-BBC0-DAD16BB29361}.Debug|x86.ActiveCfg = Debug|Any CPU
		{06BAE7AD-8657-4415-BBC0-DAD16BB29361}.Debug|x86.Build.0 = Debug|Any CPU
		{06BAE7AD-8657-4415-BBC0-DAD16BB29361}.Release|Any CPU.ActiveCfg = Release|Any CPU
		{06BAE7AD-8657-4415-BBC0-DAD16BB29361}.Release|Any CPU.Build.0 = Release|Any CPU
		{06BAE7AD-8657-4415-BBC0-DAD16BB29361}.Release|x64.ActiveCfg = Release|x64
		{06BAE7AD-8657-4415-BBC0-DAD16BB29361}.Release|x64.Build.0 = Release|x64
		{06BAE7AD-8657-4415-BBC0-DAD16BB29361}.Release|x86.ActiveCfg = Release|Any CPU
		{06BAE7AD-8657-4415-BBC0-DAD16BB29361}.Release|x86.Build.0 = Release|Any CPU
		{CA7F3115-848C-49AC-A0C3-F156AFB6C844}.Debug|Any CPU.ActiveCfg = Debug|Any CPU
		{CA7F3115-848C-49AC-A0C3-F156AFB6C844}.Debug|Any CPU.Build.0 = Debug|Any CPU
		{CA7F3115-848C-49AC-A0C3-F156AFB6C844}.Debug|x64.ActiveCfg = Debug|x64
		{CA7F3115-848C-49AC-A0C3-F156AFB6C844}.Debug|x64.Build.0 = Debug|x64
		{CA7F3115-848C-49AC-A0C3-F156AFB6C844}.Debug|x86.ActiveCfg = Debug|Any CPU
		{CA7F3115-848C-49AC-A0C3-F156AFB6C844}.Debug|x86.Build.0 = Debug|Any CPU
		{CA7F3115-848C-49AC-A0C3-F156AFB6C844}.Release|Any CPU.ActiveCfg = Release|Any CPU
		{CA7F3115-848C-49AC-A0C3-F156AFB6C844}.Release|Any CPU.Build.0 = Release|Any CPU
		{CA7F3115-848C-49AC-A0C3-F156AFB6C844}.Release|x64.ActiveCfg = Release|x64
		{CA7F3115-848C-49AC-A0C3-F156AFB6C844}.Release|x64.Build.0 = Release|x64
		{CA7F3115-848C-49AC-A0C3-F156AFB6C844}.Release|x86.ActiveCfg = Release|Any CPU
		{CA7F3115-848C-49AC-A0C3-F156AFB6C844}.Release|x86.Build.0 = Release|Any CPU
		{8D98E22B-3C6D-47C0-B028-0C3E3FC6B4FD}.Debug|Any CPU.ActiveCfg = Debug|Any CPU
		{8D98E22B-3C6D-47C0-B028-0C3E3FC6B4FD}.Debug|Any CPU.Build.0 = Debug|Any CPU
		{8D98E22B-3C6D-47C0-B028-0C3E3FC6B4FD}.Debug|x64.ActiveCfg = Debug|x64
		{8D98E22B-3C6D-47C0-B028-0C3E3FC6B4FD}.Debug|x64.Build.0 = Debug|x64
		{8D98E22B-3C6D-47C0-B028-0C3E3FC6B4FD}.Debug|x86.ActiveCfg = Debug|Any CPU
		{8D98E22B-3C6D-47C0-B028-0C3E3FC6B4FD}.Debug|x86.Build.0 = Debug|Any CPU
		{8D98E22B-3C6D-47C0-B028-0C3E3FC6B4FD}.Release|Any CPU.ActiveCfg = Release|Any CPU
		{8D98E22B-3C6D-47C0-B028-0C3E3FC6B4FD}.Release|Any CPU.Build.0 = Release|Any CPU
		{8D98E22B-3C6D-47C0-B028-0C3E3FC6B4FD}.Release|x64.ActiveCfg = Release|x64
		{8D98E22B-3C6D-47C0-B028-0C3E3FC6B4FD}.Release|x64.Build.0 = Release|x64
		{8D98E22B-3C6D-47C0-B028-0C3E3FC6B4FD}.Release|x86.ActiveCfg = Release|Any CPU
		{8D98E22B-3C6D-47C0-B028-0C3E3FC6B4FD}.Release|x86.Build.0 = Release|Any CPU
		{34C5016D-5265-4394-A9BA-CB2F70D8E93B}.Debug|Any CPU.ActiveCfg = Debug|Any CPU
		{34C5016D-5265-4394-A9BA-CB2F70D8E93B}.Debug|Any CPU.Build.0 = Debug|Any CPU
		{34C5016D-5265-4394-A9BA-CB2F70D8E93B}.Debug|x64.ActiveCfg = Debug|x64
		{34C5016D-5265-4394-A9BA-CB2F70D8E93B}.Debug|x64.Build.0 = Debug|x64
		{34C5016D-5265-4394-A9BA-CB2F70D8E93B}.Debug|x86.ActiveCfg = Debug|Any CPU
		{34C5016D-5265-4394-A9BA-CB2F70D8E93B}.Debug|x86.Build.0 = Debug|Any CPU
		{34C5016D-5265-4394-A9BA-CB2F70D8E93B}.Release|Any CPU.ActiveCfg = Release|Any CPU
		{34C5016D-5265-4394-A9BA-CB2F70D8E93B}.Release|Any CPU.Build.0 = Release|Any CPU
		{34C5016D-5265-4394-A9BA-CB2F70D8E93B}.Release|x64.ActiveCfg = Release|x64
		{34C5016D-5265-4394-A9BA-CB2F70D8E93B}.Release|x64.Build.0 = Release|x64
		{34C5016D-5265-4394-A9BA-CB2F70D8E93B}.Release|x86.ActiveCfg = Release|Any CPU
		{34C5016D-5265-4394-A9BA-CB2F70D8E93B}.Release|x86.Build.0 = Release|Any CPU
		{A4699D0A-D312-416D-93F0-C487A24737A1}.Debug|Any CPU.ActiveCfg = Debug|Any CPU
		{A4699D0A-D312-416D-93F0-C487A24737A1}.Debug|Any CPU.Build.0 = Debug|Any CPU
		{A4699D0A-D312-416D-93F0-C487A24737A1}.Debug|x64.ActiveCfg = Debug|x64
		{A4699D0A-D312-416D-93F0-C487A24737A1}.Debug|x64.Build.0 = Debug|x64
		{A4699D0A-D312-416D-93F0-C487A24737A1}.Debug|x86.ActiveCfg = Debug|Any CPU
		{A4699D0A-D312-416D-93F0-C487A24737A1}.Debug|x86.Build.0 = Debug|Any CPU
		{A4699D0A-D312-416D-93F0-C487A24737A1}.Release|Any CPU.ActiveCfg = Release|Any CPU
		{A4699D0A-D312-416D-93F0-C487A24737A1}.Release|Any CPU.Build.0 = Release|Any CPU
		{A4699D0A-D312-416D-93F0-C487A24737A1}.Release|x64.ActiveCfg = Release|x64
		{A4699D0A-D312-416D-93F0-C487A24737A1}.Release|x64.Build.0 = Release|x64
		{A4699D0A-D312-416D-93F0-C487A24737A1}.Release|x86.ActiveCfg = Release|Any CPU
		{A4699D0A-D312-416D-93F0-C487A24737A1}.Release|x86.Build.0 = Release|Any CPU
		{74D5A262-B0B9-40E6-A3FD-B120DC8E9F54}.Debug|Any CPU.ActiveCfg = Debug|Any CPU
		{74D5A262-B0B9-40E6-A3FD-B120DC8E9F54}.Debug|Any CPU.Build.0 = Debug|Any CPU
		{74D5A262-B0B9-40E6-A3FD-B120DC8E9F54}.Debug|x64.ActiveCfg = Debug|x64
		{74D5A262-B0B9-40E6-A3FD-B120DC8E9F54}.Debug|x64.Build.0 = Debug|x64
		{74D5A262-B0B9-40E6-A3FD-B120DC8E9F54}.Debug|x86.ActiveCfg = Debug|Any CPU
		{74D5A262-B0B9-40E6-A3FD-B120DC8E9F54}.Debug|x86.Build.0 = Debug|Any CPU
		{74D5A262-B0B9-40E6-A3FD-B120DC8E9F54}.Release|Any CPU.ActiveCfg = Release|Any CPU
		{74D5A262-B0B9-40E6-A3FD-B120DC8E9F54}.Release|Any CPU.Build.0 = Release|Any CPU
		{74D5A262-B0B9-40E6-A3FD-B120DC8E9F54}.Release|x64.ActiveCfg = Release|x64
		{74D5A262-B0B9-40E6-A3FD-B120DC8E9F54}.Release|x64.Build.0 = Release|x64
		{74D5A262-B0B9-40E6-A3FD-B120DC8E9F54}.Release|x86.ActiveCfg = Release|Any CPU
		{74D5A262-B0B9-40E6-A3FD-B120DC8E9F54}.Release|x86.Build.0 = Release|Any CPU
		{E330D601-62EA-439E-ACD7-7236744562FF}.Debug|Any CPU.ActiveCfg = Debug|Any CPU
		{E330D601-62EA-439E-ACD7-7236744562FF}.Debug|Any CPU.Build.0 = Debug|Any CPU
		{E330D601-62EA-439E-ACD7-7236744562FF}.Debug|x64.ActiveCfg = Debug|x64
		{E330D601-62EA-439E-ACD7-7236744562FF}.Debug|x64.Build.0 = Debug|x64
		{E330D601-62EA-439E-ACD7-7236744562FF}.Debug|x86.ActiveCfg = Debug|Any CPU
		{E330D601-62EA-439E-ACD7-7236744562FF}.Debug|x86.Build.0 = Debug|Any CPU
		{E330D601-62EA-439E-ACD7-7236744562FF}.Release|Any CPU.ActiveCfg = Release|Any CPU
		{E330D601-62EA-439E-ACD7-7236744562FF}.Release|Any CPU.Build.0 = Release|Any CPU
		{E330D601-62EA-439E-ACD7-7236744562FF}.Release|x64.ActiveCfg = Release|x64
		{E330D601-62EA-439E-ACD7-7236744562FF}.Release|x64.Build.0 = Release|x64
		{E330D601-62EA-439E-ACD7-7236744562FF}.Release|x86.ActiveCfg = Release|Any CPU
		{E330D601-62EA-439E-ACD7-7236744562FF}.Release|x86.Build.0 = Release|Any CPU
		{B9E03FF5-0750-4162-BAFD-3F0778D44A8C}.Debug|Any CPU.ActiveCfg = Debug|Any CPU
		{B9E03FF5-0750-4162-BAFD-3F0778D44A8C}.Debug|Any CPU.Build.0 = Debug|Any CPU
		{B9E03FF5-0750-4162-BAFD-3F0778D44A8C}.Debug|x64.ActiveCfg = Debug|x64
		{B9E03FF5-0750-4162-BAFD-3F0778D44A8C}.Debug|x64.Build.0 = Debug|x64
		{B9E03FF5-0750-4162-BAFD-3F0778D44A8C}.Debug|x86.ActiveCfg = Debug|Any CPU
		{B9E03FF5-0750-4162-BAFD-3F0778D44A8C}.Debug|x86.Build.0 = Debug|Any CPU
		{B9E03FF5-0750-4162-BAFD-3F0778D44A8C}.Release|Any CPU.ActiveCfg = Release|Any CPU
		{B9E03FF5-0750-4162-BAFD-3F0778D44A8C}.Release|Any CPU.Build.0 = Release|Any CPU
		{B9E03FF5-0750-4162-BAFD-3F0778D44A8C}.Release|x64.ActiveCfg = Release|x64
		{B9E03FF5-0750-4162-BAFD-3F0778D44A8C}.Release|x64.Build.0 = Release|x64
		{B9E03FF5-0750-4162-BAFD-3F0778D44A8C}.Release|x86.ActiveCfg = Release|Any CPU
		{B9E03FF5-0750-4162-BAFD-3F0778D44A8C}.Release|x86.Build.0 = Release|Any CPU
		{8FEBE7EA-4F1F-44E2-A694-52B9A33C2414}.Debug|Any CPU.ActiveCfg = Debug|Any CPU
		{8FEBE7EA-4F1F-44E2-A694-52B9A33C2414}.Debug|Any CPU.Build.0 = Debug|Any CPU
		{8FEBE7EA-4F1F-44E2-A694-52B9A33C2414}.Debug|x64.ActiveCfg = Debug|x64
		{8FEBE7EA-4F1F-44E2-A694-52B9A33C2414}.Debug|x64.Build.0 = Debug|x64
		{8FEBE7EA-4F1F-44E2-A694-52B9A33C2414}.Debug|x86.ActiveCfg = Debug|Any CPU
		{8FEBE7EA-4F1F-44E2-A694-52B9A33C2414}.Debug|x86.Build.0 = Debug|Any CPU
		{8FEBE7EA-4F1F-44E2-A694-52B9A33C2414}.Release|Any CPU.ActiveCfg = Release|Any CPU
		{8FEBE7EA-4F1F-44E2-A694-52B9A33C2414}.Release|Any CPU.Build.0 = Release|Any CPU
		{8FEBE7EA-4F1F-44E2-A694-52B9A33C2414}.Release|x64.ActiveCfg = Release|x64
		{8FEBE7EA-4F1F-44E2-A694-52B9A33C2414}.Release|x64.Build.0 = Release|x64
		{8FEBE7EA-4F1F-44E2-A694-52B9A33C2414}.Release|x86.ActiveCfg = Release|Any CPU
		{8FEBE7EA-4F1F-44E2-A694-52B9A33C2414}.Release|x86.Build.0 = Release|Any CPU
	EndGlobalSection
	GlobalSection(SolutionProperties) = preSolution
		HideSolutionNode = FALSE
	EndGlobalSection
	GlobalSection(NestedProjects) = preSolution
		{4B5D6697-BD0E-4AEF-B1B0-7563482CC033} = {A5202BA5-2C12-4091-9FA9-82D490E1EE84}
		{6E5C0894-EBA9-4B58-AC42-FA4707524D97} = {A5202BA5-2C12-4091-9FA9-82D490E1EE84}
		{E0D32890-13D7-4827-A299-56726C6CD67C} = {A5202BA5-2C12-4091-9FA9-82D490E1EE84}
	EndGlobalSection
EndGlobal
