
Microsoft Visual Studio Solution File, Format Version 12.00
# Visual Studio Version 16
VisualStudioVersion = 16.0.31702.278
MinimumVisualStudioVersion = 10.0.40219.1
Project("{D954291E-2A0B-460D-934E-DC6B0785DB48}") = "bam.net.shared", "submodules\bam.net.shared\bam.net.shared.shproj", "{8F2CB78E-8C2E-45C6-97A0-C38F60A85E98}"
EndProject
Project("{9A19103F-16F7-4668-BE54-9A1E7A4F7556}") = "bam.core", "bam.core\bam.core.csproj", "{F9284ECE-C0B5-4EAE-B7AE-FB64C3FA8460}"
EndProject
Project("{2150E333-8FDC-42A3-9474-1A3956D46DE8}") = "tests", "tests", "{66BE6B23-BB60-4C93-BD71-7CD02CBDB5A1}"
EndProject
Project("{9A19103F-16F7-4668-BE54-9A1E7A4F7556}") = "bam.net.analytics.core.tests", "tests\bam.net.analytics.core.tests\bam.net.analytics.core.tests.csproj", "{FF2B3DDE-EC9D-4496-995E-2B56648A75AC}"
EndProject
Project("{9A19103F-16F7-4668-BE54-9A1E7A4F7556}") = "bam.net.automation.core.tests", "tests\bam.net.automation.core.tests\bam.net.automation.core.tests.csproj", "{3F72EA3B-5848-4A04-85AB-07E2377DDA3D}"
EndProject
Project("{9A19103F-16F7-4668-BE54-9A1E7A4F7556}") = "bam.net.caching.core.tests", "tests\bam.net.caching.core.tests\bam.net.caching.core.tests.csproj", "{36002819-E80C-4F68-BAAE-031ACA7E2534}"
EndProject
Project("{9A19103F-16F7-4668-BE54-9A1E7A4F7556}") = "bam.net.core.tests", "tests\bam.net.core.tests\bam.net.core.tests.csproj", "{1854FE64-A6EC-4D60-95A7-4A3C531AC9AE}"
EndProject
Project("{9A19103F-16F7-4668-BE54-9A1E7A4F7556}") = "bam.net.coreservices.core.tests", "tests\bam.net.coreservices.core.tests\bam.net.coreservices.core.tests.csproj", "{6A9195F0-AEDE-4BA7-A1AB-7411218A9513}"
EndProject
Project("{9A19103F-16F7-4668-BE54-9A1E7A4F7556}") = "bam.net.serviceproxy.core.tests", "tests\bam.net.serviceproxy.core.tests\bam.net.serviceproxy.core.tests.csproj", "{CBA7ABD0-AB2E-4553-9DB6-37D4F0A1019C}"
EndProject
Project("{D954291E-2A0B-460D-934E-DC6B0785DB48}") = "bam.net.tests.shared", "tests\shared\bam.net.tests.shared\bam.net.tests.shared.shproj", "{BB169710-5CE7-4957-A2C7-1F570E2CD9C8}"
EndProject
Project("{9A19103F-16F7-4668-BE54-9A1E7A4F7556}") = "bam.net.services.core.tests", "tests\bam.net.services.core.tests\bam.net.services.core.tests.csproj", "{DD284EEC-9BBF-4095-A172-042070C3C0CF}"
EndProject
Project("{9A19103F-16F7-4668-BE54-9A1E7A4F7556}") = "bam.net.translation.core.tests", "tests\bam.net.translation.core.tests\bam.net.translation.core.tests.csproj", "{3F7E6EF1-6595-45E7-B6BF-50B3FC33672D}"
EndProject
Project("{9A19103F-16F7-4668-BE54-9A1E7A4F7556}") = "bam.net.useraccounts.core.tests", "tests\bam.net.useraccounts.core.tests\bam.net.useraccounts.core.tests.csproj", "{D49AC51B-4823-4CF3-84B8-96B5E21FD091}"
EndProject
Project("{9A19103F-16F7-4668-BE54-9A1E7A4F7556}") = "daoref", "tests\daoref\daoref.csproj", "{A0225456-F8A5-4858-8973-D496923C902A}"
EndProject
Project("{9A19103F-16F7-4668-BE54-9A1E7A4F7556}") = "bam.net.profiguration.core.tests", "tests\bam.net.profiguration.core.tests\bam.net.profiguration.core.tests.csproj", "{9EA0A827-2442-41D0-BB72-CA20AD14A406}"
EndProject
Global
	GlobalSection(SharedMSBuildProjectFiles) = preSolution
		submodules\bam.net.shared\bam.net.shared.projitems*{8f2cb78e-8c2e-45c6-97a0-c38f60a85e98}*SharedItemsImports = 13
		tests\shared\bam.net.tests.shared\bam.net.tests.shared.projitems*{bb169710-5ce7-4957-a2c7-1f570e2cd9c8}*SharedItemsImports = 13
		tests\shared\bam.net.tests.shared\bam.net.tests.shared.projitems*{cba7abd0-ab2e-4553-9db6-37d4f0a1019c}*SharedItemsImports = 5
		tests\shared\bam.net.tests.shared\bam.net.tests.shared.projitems*{dd284eec-9bbf-4095-a172-042070c3c0cf}*SharedItemsImports = 5
		submodules\bam.net.shared\bam.net.shared.projitems*{f9284ece-c0b5-4eae-b7ae-fb64c3fa8460}*SharedItemsImports = 5
	EndGlobalSection
	GlobalSection(SolutionConfigurationPlatforms) = preSolution
		Debug|Any CPU = Debug|Any CPU
		Release|Any CPU = Release|Any CPU
	EndGlobalSection
	GlobalSection(ProjectConfigurationPlatforms) = postSolution
		{F9284ECE-C0B5-4EAE-B7AE-FB64C3FA8460}.Debug|Any CPU.ActiveCfg = Debug|Any CPU
		{F9284ECE-C0B5-4EAE-B7AE-FB64C3FA8460}.Debug|Any CPU.Build.0 = Debug|Any CPU
		{F9284ECE-C0B5-4EAE-B7AE-FB64C3FA8460}.Release|Any CPU.ActiveCfg = Release|Any CPU
		{F9284ECE-C0B5-4EAE-B7AE-FB64C3FA8460}.Release|Any CPU.Build.0 = Release|Any CPU
		{FF2B3DDE-EC9D-4496-995E-2B56648A75AC}.Debug|Any CPU.ActiveCfg = Debug|Any CPU
		{FF2B3DDE-EC9D-4496-995E-2B56648A75AC}.Debug|Any CPU.Build.0 = Debug|Any CPU
		{FF2B3DDE-EC9D-4496-995E-2B56648A75AC}.Release|Any CPU.ActiveCfg = Release|Any CPU
		{FF2B3DDE-EC9D-4496-995E-2B56648A75AC}.Release|Any CPU.Build.0 = Release|Any CPU
		{3F72EA3B-5848-4A04-85AB-07E2377DDA3D}.Debug|Any CPU.ActiveCfg = Debug|Any CPU
		{3F72EA3B-5848-4A04-85AB-07E2377DDA3D}.Debug|Any CPU.Build.0 = Debug|Any CPU
		{3F72EA3B-5848-4A04-85AB-07E2377DDA3D}.Release|Any CPU.ActiveCfg = Release|Any CPU
		{3F72EA3B-5848-4A04-85AB-07E2377DDA3D}.Release|Any CPU.Build.0 = Release|Any CPU
		{36002819-E80C-4F68-BAAE-031ACA7E2534}.Debug|Any CPU.ActiveCfg = Debug|Any CPU
		{36002819-E80C-4F68-BAAE-031ACA7E2534}.Debug|Any CPU.Build.0 = Debug|Any CPU
		{36002819-E80C-4F68-BAAE-031ACA7E2534}.Release|Any CPU.ActiveCfg = Release|Any CPU
		{36002819-E80C-4F68-BAAE-031ACA7E2534}.Release|Any CPU.Build.0 = Release|Any CPU
		{1854FE64-A6EC-4D60-95A7-4A3C531AC9AE}.Debug|Any CPU.ActiveCfg = Debug|Any CPU
		{1854FE64-A6EC-4D60-95A7-4A3C531AC9AE}.Debug|Any CPU.Build.0 = Debug|Any CPU
		{1854FE64-A6EC-4D60-95A7-4A3C531AC9AE}.Release|Any CPU.ActiveCfg = Release|Any CPU
		{1854FE64-A6EC-4D60-95A7-4A3C531AC9AE}.Release|Any CPU.Build.0 = Release|Any CPU
		{6A9195F0-AEDE-4BA7-A1AB-7411218A9513}.Debug|Any CPU.ActiveCfg = Debug|Any CPU
		{6A9195F0-AEDE-4BA7-A1AB-7411218A9513}.Debug|Any CPU.Build.0 = Debug|Any CPU
		{6A9195F0-AEDE-4BA7-A1AB-7411218A9513}.Release|Any CPU.ActiveCfg = Release|Any CPU
		{6A9195F0-AEDE-4BA7-A1AB-7411218A9513}.Release|Any CPU.Build.0 = Release|Any CPU
		{CBA7ABD0-AB2E-4553-9DB6-37D4F0A1019C}.Debug|Any CPU.ActiveCfg = Debug|Any CPU
		{CBA7ABD0-AB2E-4553-9DB6-37D4F0A1019C}.Debug|Any CPU.Build.0 = Debug|Any CPU
		{CBA7ABD0-AB2E-4553-9DB6-37D4F0A1019C}.Release|Any CPU.ActiveCfg = Release|Any CPU
		{CBA7ABD0-AB2E-4553-9DB6-37D4F0A1019C}.Release|Any CPU.Build.0 = Release|Any CPU
		{DD284EEC-9BBF-4095-A172-042070C3C0CF}.Debug|Any CPU.ActiveCfg = Debug|Any CPU
		{DD284EEC-9BBF-4095-A172-042070C3C0CF}.Debug|Any CPU.Build.0 = Debug|Any CPU
		{DD284EEC-9BBF-4095-A172-042070C3C0CF}.Release|Any CPU.ActiveCfg = Release|Any CPU
		{DD284EEC-9BBF-4095-A172-042070C3C0CF}.Release|Any CPU.Build.0 = Release|Any CPU
		{3F7E6EF1-6595-45E7-B6BF-50B3FC33672D}.Debug|Any CPU.ActiveCfg = Debug|Any CPU
		{3F7E6EF1-6595-45E7-B6BF-50B3FC33672D}.Debug|Any CPU.Build.0 = Debug|Any CPU
		{3F7E6EF1-6595-45E7-B6BF-50B3FC33672D}.Release|Any CPU.ActiveCfg = Release|Any CPU
		{3F7E6EF1-6595-45E7-B6BF-50B3FC33672D}.Release|Any CPU.Build.0 = Release|Any CPU
		{D49AC51B-4823-4CF3-84B8-96B5E21FD091}.Debug|Any CPU.ActiveCfg = Debug|Any CPU
		{D49AC51B-4823-4CF3-84B8-96B5E21FD091}.Debug|Any CPU.Build.0 = Debug|Any CPU
		{D49AC51B-4823-4CF3-84B8-96B5E21FD091}.Release|Any CPU.ActiveCfg = Release|Any CPU
		{D49AC51B-4823-4CF3-84B8-96B5E21FD091}.Release|Any CPU.Build.0 = Release|Any CPU
		{A0225456-F8A5-4858-8973-D496923C902A}.Debug|Any CPU.ActiveCfg = Debug|Any CPU
		{A0225456-F8A5-4858-8973-D496923C902A}.Debug|Any CPU.Build.0 = Debug|Any CPU
		{A0225456-F8A5-4858-8973-D496923C902A}.Release|Any CPU.ActiveCfg = Release|Any CPU
		{A0225456-F8A5-4858-8973-D496923C902A}.Release|Any CPU.Build.0 = Release|Any CPU
		{9EA0A827-2442-41D0-BB72-CA20AD14A406}.Debug|Any CPU.ActiveCfg = Debug|Any CPU
		{9EA0A827-2442-41D0-BB72-CA20AD14A406}.Debug|Any CPU.Build.0 = Debug|Any CPU
		{9EA0A827-2442-41D0-BB72-CA20AD14A406}.Release|Any CPU.ActiveCfg = Release|Any CPU
		{9EA0A827-2442-41D0-BB72-CA20AD14A406}.Release|Any CPU.Build.0 = Release|Any CPU
	EndGlobalSection
	GlobalSection(SolutionProperties) = preSolution
		HideSolutionNode = FALSE
	EndGlobalSection
	GlobalSection(NestedProjects) = preSolution
		{FF2B3DDE-EC9D-4496-995E-2B56648A75AC} = {66BE6B23-BB60-4C93-BD71-7CD02CBDB5A1}
		{3F72EA3B-5848-4A04-85AB-07E2377DDA3D} = {66BE6B23-BB60-4C93-BD71-7CD02CBDB5A1}
		{36002819-E80C-4F68-BAAE-031ACA7E2534} = {66BE6B23-BB60-4C93-BD71-7CD02CBDB5A1}
		{1854FE64-A6EC-4D60-95A7-4A3C531AC9AE} = {66BE6B23-BB60-4C93-BD71-7CD02CBDB5A1}
		{6A9195F0-AEDE-4BA7-A1AB-7411218A9513} = {66BE6B23-BB60-4C93-BD71-7CD02CBDB5A1}
		{CBA7ABD0-AB2E-4553-9DB6-37D4F0A1019C} = {66BE6B23-BB60-4C93-BD71-7CD02CBDB5A1}
		{DD284EEC-9BBF-4095-A172-042070C3C0CF} = {66BE6B23-BB60-4C93-BD71-7CD02CBDB5A1}
		{3F7E6EF1-6595-45E7-B6BF-50B3FC33672D} = {66BE6B23-BB60-4C93-BD71-7CD02CBDB5A1}
		{D49AC51B-4823-4CF3-84B8-96B5E21FD091} = {66BE6B23-BB60-4C93-BD71-7CD02CBDB5A1}
		{9EA0A827-2442-41D0-BB72-CA20AD14A406} = {66BE6B23-BB60-4C93-BD71-7CD02CBDB5A1}
	EndGlobalSection
	GlobalSection(ExtensibilityGlobals) = postSolution
		SolutionGuid = {E2B9CE24-816B-4269-96CC-53926C763BE4}
	EndGlobalSection
EndGlobal
