
Microsoft Visual Studio Solution File, Format Version 12.00
# Visual Studio 15
VisualStudioVersion = 15.0.27703.2000
MinimumVisualStudioVersion = 10.0.40219.1
Project("{9A19103F-16F7-4668-BE54-9A1E7A4F7556}") = "bam", "bam\bam.csproj", "{BE660B70-69F2-45EA-ACC1-C625E64C642E}"
EndProject
Project("{D954291E-2A0B-460D-934E-DC6B0785DB48}") = "bam.net.shared", "bam.net.shared\bam.net.shared.shproj", "{8F2CB78E-8C2E-45C6-97A0-C38F60A85E98}"
EndProject
Project("{FAE04EC0-301F-11D3-BF4B-00C04F79EFBC}") = "bam.net.fx", "bam.net.fx\bam.net.fx.csproj", "{8AC4E2B4-0F3B-4A65-A097-5816EF6EA263}"
EndProject
Project("{9A19103F-16F7-4668-BE54-9A1E7A4F7556}") = "bam.net.core", "bam.net.core\bam.net.core.csproj", "{BA18C1DD-5B42-4FEA-AD69-95BCCE1F86AB}"
EndProject
Project("{FAE04EC0-301F-11D3-BF4B-00C04F79EFBC}") = "bam.tests", "bam.tests\bam.tests.csproj", "{BF948173-75C7-482A-883C-5B0DF55DCC45}"
EndProject
Global
	GlobalSection(SharedMSBuildProjectFiles) = preSolution
		bam.net.shared\bam.net.shared.projitems*{8ac4e2b4-0f3b-4a65-a097-5816ef6ea263}*SharedItemsImports = 4
		bam.net.shared\bam.net.shared.projitems*{8f2cb78e-8c2e-45c6-97a0-c38f60a85e98}*SharedItemsImports = 13
	EndGlobalSection
	GlobalSection(SolutionConfigurationPlatforms) = preSolution
		Debug|Any CPU = Debug|Any CPU
		Release|Any CPU = Release|Any CPU
	EndGlobalSection
	GlobalSection(ProjectConfigurationPlatforms) = postSolution
		{BE660B70-69F2-45EA-ACC1-C625E64C642E}.Debug|Any CPU.ActiveCfg = Debug|Any CPU
		{BE660B70-69F2-45EA-ACC1-C625E64C642E}.Debug|Any CPU.Build.0 = Debug|Any CPU
		{BE660B70-69F2-45EA-ACC1-C625E64C642E}.Release|Any CPU.ActiveCfg = Release|Any CPU
		{BE660B70-69F2-45EA-ACC1-C625E64C642E}.Release|Any CPU.Build.0 = Release|Any CPU
		{8AC4E2B4-0F3B-4A65-A097-5816EF6EA263}.Debug|Any CPU.ActiveCfg = Debug|Any CPU
		{8AC4E2B4-0F3B-4A65-A097-5816EF6EA263}.Debug|Any CPU.Build.0 = Debug|Any CPU
		{8AC4E2B4-0F3B-4A65-A097-5816EF6EA263}.Release|Any CPU.ActiveCfg = Release|Any CPU
		{8AC4E2B4-0F3B-4A65-A097-5816EF6EA263}.Release|Any CPU.Build.0 = Release|Any CPU
		{BA18C1DD-5B42-4FEA-AD69-95BCCE1F86AB}.Debug|Any CPU.ActiveCfg = Debug|Any CPU
		{BA18C1DD-5B42-4FEA-AD69-95BCCE1F86AB}.Debug|Any CPU.Build.0 = Debug|Any CPU
		{BA18C1DD-5B42-4FEA-AD69-95BCCE1F86AB}.Release|Any CPU.ActiveCfg = Release|Any CPU
		{BA18C1DD-5B42-4FEA-AD69-95BCCE1F86AB}.Release|Any CPU.Build.0 = Release|Any CPU
		{BF948173-75C7-482A-883C-5B0DF55DCC45}.Debug|Any CPU.ActiveCfg = Debug|Any CPU
		{BF948173-75C7-482A-883C-5B0DF55DCC45}.Debug|Any CPU.Build.0 = Debug|Any CPU
		{BF948173-75C7-482A-883C-5B0DF55DCC45}.Release|Any CPU.ActiveCfg = Release|Any CPU
		{BF948173-75C7-482A-883C-5B0DF55DCC45}.Release|Any CPU.Build.0 = Release|Any CPU
	EndGlobalSection
	GlobalSection(SolutionProperties) = preSolution
		HideSolutionNode = FALSE
	EndGlobalSection
	GlobalSection(ExtensibilityGlobals) = postSolution
		SolutionGuid = {C0DA5E0B-6AD8-4F39-8F57-478C6AD7D4CA}
	EndGlobalSection
EndGlobal
